
Microsoft Visual Studio Solution File, Format Version 12.00
# Visual Studio Version 17
VisualStudioVersion = 17.9.34701.34
MinimumVisualStudioVersion = 10.0.40219.1
Project("{9A19103F-16F7-4668-BE54-9A1E7A4F7556}") = "ImpoTrack.Server", "ImpoTrack.Server\ImpoTrack.Server.csproj", "{B6B07094-D0BE-46FE-98B6-930DF152EA6C}"
EndProject
Project("{54A90642-561A-4BB1-A94E-469ADEE60C69}") = "impotrack.client", "impotrack.client\impotrack.client.esproj", "{75AB02DF-6E56-484B-AFE2-87CA3B5BCD61}"
EndProject
Project("{9A19103F-16F7-4668-BE54-9A1E7A4F7556}") = "ImpoTrack.Tests", "ImpoTrack.Tests\ImpoTrack.Tests.csproj", "{90280299-BDC2-4351-8F22-0D88DB586C26}"
	ProjectSection(ProjectDependencies) = postProject
		{75AB02DF-6E56-484B-AFE2-87CA3B5BCD61} = {75AB02DF-6E56-484B-AFE2-87CA3B5BCD61}
		{B6B07094-D0BE-46FE-98B6-930DF152EA6C} = {B6B07094-D0BE-46FE-98B6-930DF152EA6C}
	EndProjectSection
EndProject
Global
	GlobalSection(SolutionConfigurationPlatforms) = preSolution
		Debug|Any CPU = Debug|Any CPU
		Release|Any CPU = Release|Any CPU
	EndGlobalSection
	GlobalSection(ProjectConfigurationPlatforms) = postSolution
		{B6B07094-D0BE-46FE-98B6-930DF152EA6C}.Debug|Any CPU.ActiveCfg = Debug|Any CPU
		{B6B07094-D0BE-46FE-98B6-930DF152EA6C}.Debug|Any CPU.Build.0 = Debug|Any CPU
		{B6B07094-D0BE-46FE-98B6-930DF152EA6C}.Release|Any CPU.ActiveCfg = Release|Any CPU
		{B6B07094-D0BE-46FE-98B6-930DF152EA6C}.Release|Any CPU.Build.0 = Release|Any CPU
		{75AB02DF-6E56-484B-AFE2-87CA3B5BCD61}.Debug|Any CPU.ActiveCfg = Debug|Any CPU
		{75AB02DF-6E56-484B-AFE2-87CA3B5BCD61}.Debug|Any CPU.Build.0 = Debug|Any CPU
		{75AB02DF-6E56-484B-AFE2-87CA3B5BCD61}.Debug|Any CPU.Deploy.0 = Debug|Any CPU
		{75AB02DF-6E56-484B-AFE2-87CA3B5BCD61}.Release|Any CPU.ActiveCfg = Release|Any CPU
		{75AB02DF-6E56-484B-AFE2-87CA3B5BCD61}.Release|Any CPU.Build.0 = Release|Any CPU
		{75AB02DF-6E56-484B-AFE2-87CA3B5BCD61}.Release|Any CPU.Deploy.0 = Release|Any CPU
		{90280299-BDC2-4351-8F22-0D88DB586C26}.Debug|Any CPU.ActiveCfg = Debug|Any CPU
		{90280299-BDC2-4351-8F22-0D88DB586C26}.Debug|Any CPU.Build.0 = Debug|Any CPU
		{90280299-BDC2-4351-8F22-0D88DB586C26}.Release|Any CPU.ActiveCfg = Release|Any CPU
		{90280299-BDC2-4351-8F22-0D88DB586C26}.Release|Any CPU.Build.0 = Release|Any CPU
	EndGlobalSection
	GlobalSection(SolutionProperties) = preSolution
		HideSolutionNode = FALSE
	EndGlobalSection
	GlobalSection(ExtensibilityGlobals) = postSolution
		SolutionGuid = {B29C1F4F-B244-498A-B116-3EA1DAA611DA}
	EndGlobalSection
EndGlobal
